
Microsoft Visual Studio Solution File, Format Version 12.00
# Visual Studio Version 16
VisualStudioVersion = 16.0.28803.156
MinimumVisualStudioVersion = 10.0.40219.1
Project("{FAE04EC0-301F-11D3-BF4B-00C04F79EFBC}") = "adasa-project", "adasa-project\adasa-project.csproj", "{2F2F29DB-CDEC-4B62-94D5-49F5F0CB57F1}"
EndProject
Global
	GlobalSection(SolutionConfigurationPlatforms) = preSolution
		Debug|Any CPU = Debug|Any CPU
		Release|Any CPU = Release|Any CPU
	EndGlobalSection
	GlobalSection(ProjectConfigurationPlatforms) = postSolution
		{2F2F29DB-CDEC-4B62-94D5-49F5F0CB57F1}.Debug|Any CPU.ActiveCfg = Debug|Any CPU
		{2F2F29DB-CDEC-4B62-94D5-49F5F0CB57F1}.Debug|Any CPU.Build.0 = Debug|Any CPU
		{2F2F29DB-CDEC-4B62-94D5-49F5F0CB57F1}.Release|Any CPU.ActiveCfg = Release|Any CPU
		{2F2F29DB-CDEC-4B62-94D5-49F5F0CB57F1}.Release|Any CPU.Build.0 = Release|Any CPU
	EndGlobalSection
	GlobalSection(SolutionProperties) = preSolution
		HideSolutionNode = FALSE
	EndGlobalSection
	GlobalSection(ExtensibilityGlobals) = postSolution
		SolutionGuid = {E5ECBD96-36CE-41B6-897A-42F77B99A706}
	EndGlobalSection
EndGlobal
